
Microsoft Visual Studio Solution File, Format Version 12.00
# Visual Studio Version 17
VisualStudioVersion = 17.11.35312.102
MinimumVisualStudioVersion = 10.0.40219.1
Project("{FAE04EC0-301F-11D3-BF4B-00C04F79EFBC}") = "CSVUploader", "CSVUploader\CSVUploader.csproj", "{C7EAA8A0-9AA1-4624-8384-976CC4E04890}"
EndProject
Global
	GlobalSection(SolutionConfigurationPlatforms) = preSolution
		Debug|Any CPU = Debug|Any CPU
		Release|Any CPU = Release|Any CPU
	EndGlobalSection
	GlobalSection(ProjectConfigurationPlatforms) = postSolution
		{C7EAA8A0-9AA1-4624-8384-976CC4E04890}.Debug|Any CPU.ActiveCfg = Debug|Any CPU
		{C7EAA8A0-9AA1-4624-8384-976CC4E04890}.Debug|Any CPU.Build.0 = Debug|Any CPU
		{C7EAA8A0-9AA1-4624-8384-976CC4E04890}.Release|Any CPU.ActiveCfg = Release|Any CPU
		{C7EAA8A0-9AA1-4624-8384-976CC4E04890}.Release|Any CPU.Build.0 = Release|Any CPU
	EndGlobalSection
	GlobalSection(SolutionProperties) = preSolution
		HideSolutionNode = FALSE
	EndGlobalSection
	GlobalSection(ExtensibilityGlobals) = postSolution
		SolutionGuid = {DA2CD303-2998-4871-92CA-BC0BE31459AE}
	EndGlobalSection
EndGlobal
